// !$*UTF8*$!
{
	archiveVersion = 1;
	classes = {
	};
	objectVersion = 46;
	objects = {

/* Begin PBXBuildFile section */
		4713B3451F1F933E00357AC3 /* AppDelegate.swift in Sources */ = {isa = PBXBuildFile; fileRef = 4713B3441F1F933E00357AC3 /* AppDelegate.swift */; };
		4713B3471F1F933E00357AC3 /* ViewController.swift in Sources */ = {isa = PBXBuildFile; fileRef = 4713B3461F1F933E00357AC3 /* ViewController.swift */; };
		4713B34A1F1F933E00357AC3 /* Main.storyboard in Resources */ = {isa = PBXBuildFile; fileRef = 4713B3481F1F933E00357AC3 /* Main.storyboard */; };
		4713B34C1F1F933E00357AC3 /* Assets.xcassets in Resources */ = {isa = PBXBuildFile; fileRef = 4713B34B1F1F933E00357AC3 /* Assets.xcassets */; };
		4713B34F1F1F933E00357AC3 /* LaunchScreen.storyboard in Resources */ = {isa = PBXBuildFile; fileRef = 4713B34D1F1F933E00357AC3 /* LaunchScreen.storyboard */; };
		4713B3571F1F975C00357AC3 /* MTableView.swift in Sources */ = {isa = PBXBuildFile; fileRef = 4713B3561F1F975B00357AC3 /* MTableView.swift */; };
		4713B35A1F1F989D00357AC3 /* MSimpleCellTableViewCell.swift in Sources */ = {isa = PBXBuildFile; fileRef = 4713B3581F1F989D00357AC3 /* MSimpleCellTableViewCell.swift */; };
		4713B35B1F1F989D00357AC3 /* MSimpleCellTableViewCell.xib in Resources */ = {isa = PBXBuildFile; fileRef = 4713B3591F1F989D00357AC3 /* MSimpleCellTableViewCell.xib */; };
/* End PBXBuildFile section */

/* Begin PBXFileReference section */
		4713B3411F1F933E00357AC3 /* YouTubeTransitionApp.app */ = {isa = PBXFileReference; explicitFileType = wrapper.application; includeInIndex = 0; path = YouTubeTransitionApp.app; sourceTree = BUILT_PRODUCTS_DIR; };
		4713B3441F1F933E00357AC3 /* AppDelegate.swift */ = {isa = PBXFileReference; lastKnownFileType = sourcecode.swift; path = AppDelegate.swift; sourceTree = "<group>"; };
		4713B3461F1F933E00357AC3 /* ViewController.swift */ = {isa = PBXFileReference; lastKnownFileType = sourcecode.swift; path = ViewController.swift; sourceTree = "<group>"; };
		4713B3491F1F933E00357AC3 /* Base */ = {isa = PBXFileReference; lastKnownFileType = file.storyboard; name = Base; path = Base.lproj/Main.storyboard; sourceTree = "<group>"; };
		4713B34B1F1F933E00357AC3 /* Assets.xcassets */ = {isa = PBXFileReference; lastKnownFileType = folder.assetcatalog; path = Assets.xcassets; sourceTree = "<group>"; };
		4713B34E1F1F933E00357AC3 /* Base */ = {isa = PBXFileReference; lastKnownFileType = file.storyboard; name = Base; path = Base.lproj/LaunchScreen.storyboard; sourceTree = "<group>"; };
		4713B3501F1F933E00357AC3 /* Info.plist */ = {isa = PBXFileReference; lastKnownFileType = text.plist.xml; path = Info.plist; sourceTree = "<group>"; };
		4713B3561F1F975B00357AC3 /* MTableView.swift */ = {isa = PBXFileReference; fileEncoding = 4; lastKnownFileType = sourcecode.swift; path = MTableView.swift; sourceTree = "<group>"; };
		4713B3581F1F989D00357AC3 /* MSimpleCellTableViewCell.swift */ = {isa = PBXFileReference; fileEncoding = 4; lastKnownFileType = sourcecode.swift; path = MSimpleCellTableViewCell.swift; sourceTree = "<group>"; };
		4713B3591F1F989D00357AC3 /* MSimpleCellTableViewCell.xib */ = {isa = PBXFileReference; fileEncoding = 4; lastKnownFileType = file.xib; path = MSimpleCellTableViewCell.xib; sourceTree = "<group>"; };
/* End PBXFileReference section */

/* Begin PBXFrameworksBuildPhase section */
		4713B33E1F1F933E00357AC3 /* Frameworks */ = {
			isa = PBXFrameworksBuildPhase;
			buildActionMask = 2147483647;
			files = (
			);
			runOnlyForDeploymentPostprocessing = 0;
		};
/* End PBXFrameworksBuildPhase section */

/* Begin PBXGroup section */
		4713B3381F1F933E00357AC3 = {
			isa = PBXGroup;
			children = (
				4713B3431F1F933E00357AC3 /* YouTubeTransitionApp */,
				4713B3421F1F933E00357AC3 /* Products */,
			);
			sourceTree = "<group>";
		};
		4713B3421F1F933E00357AC3 /* Products */ = {
			isa = PBXGroup;
			children = (
				4713B3411F1F933E00357AC3 /* YouTubeTransitionApp.app */,
			);
			name = Products;
			sourceTree = "<group>";
		};
		4713B3431F1F933E00357AC3 /* YouTubeTransitionApp */ = {
			isa = PBXGroup;
			children = (
				4713B3441F1F933E00357AC3 /* AppDelegate.swift */,
				4713B3461F1F933E00357AC3 /* ViewController.swift */,
				4713B35C1F1F98A400357AC3 /* TableView */,
				4713B3481F1F933E00357AC3 /* Main.storyboard */,
				4713B34B1F1F933E00357AC3 /* Assets.xcassets */,
				4713B34D1F1F933E00357AC3 /* LaunchScreen.storyboard */,
				4713B3501F1F933E00357AC3 /* Info.plist */,
			);
			path = YouTubeTransitionApp;
			sourceTree = "<group>";
		};
		4713B35C1F1F98A400357AC3 /* TableView */ = {
			isa = PBXGroup;
			children = (
				4713B3561F1F975B00357AC3 /* MTableView.swift */,
				4713B35D1F1F98AF00357AC3 /* Cell */,
			);
			name = TableView;
			sourceTree = "<group>";
		};
		4713B35D1F1F98AF00357AC3 /* Cell */ = {
			isa = PBXGroup;
			children = (
				4713B3581F1F989D00357AC3 /* MSimpleCellTableViewCell.swift */,
				4713B3591F1F989D00357AC3 /* MSimpleCellTableViewCell.xib */,
			);
			name = Cell;
			sourceTree = "<group>";
		};
/* End PBXGroup section */

/* Begin PBXNativeTarget section */
		4713B3401F1F933E00357AC3 /* YouTubeTransitionApp */ = {
			isa = PBXNativeTarget;
			buildConfigurationList = 4713B3531F1F933E00357AC3 /* Build configuration list for PBXNativeTarget "YouTubeTransitionApp" */;
			buildPhases = (
				4713B33D1F1F933E00357AC3 /* Sources */,
				4713B33E1F1F933E00357AC3 /* Frameworks */,
				4713B33F1F1F933E00357AC3 /* Resources */,
			);
			buildRules = (
			);
			dependencies = (
			);
			name = YouTubeTransitionApp;
			productName = YouTubeTransitionApp;
			productReference = 4713B3411F1F933E00357AC3 /* YouTubeTransitionApp.app */;
			productType = "com.apple.product-type.application";
		};
/* End PBXNativeTarget section */

/* Begin PBXProject section */
		4713B3391F1F933E00357AC3 /* Project object */ = {
			isa = PBXProject;
			attributes = {
				LastSwiftUpdateCheck = 0830;
				LastUpgradeCheck = 0830;
				ORGANIZATIONNAME = com.iOSDeveloper;
				TargetAttributes = {
					4713B3401F1F933E00357AC3 = {
						CreatedOnToolsVersion = 8.3.3;
						ProvisioningStyle = Automatic;
					};
				};
			};
			buildConfigurationList = 4713B33C1F1F933E00357AC3 /* Build configuration list for PBXProject "YouTubeTransitionApp" */;
			compatibilityVersion = "Xcode 3.2";
			developmentRegion = English;
			hasScannedForEncodings = 0;
			knownRegions = (
				en,
				Base,
			);
			mainGroup = 4713B3381F1F933E00357AC3;
			productRefGroup = 4713B3421F1F933E00357AC3 /* Products */;
			projectDirPath = "";
			projectRoot = "";
			targets = (
				4713B3401F1F933E00357AC3 /* YouTubeTransitionApp */,
			);
		};
/* End PBXProject section */

/* Begin PBXResourcesBuildPhase section */
		4713B33F1F1F933E00357AC3 /* Resources */ = {
			isa = PBXResourcesBuildPhase;
			buildActionMask = 2147483647;
			files = (
				4713B34F1F1F933E00357AC3 /* LaunchScreen.storyboard in Resources */,
				4713B34C1F1F933E00357AC3 /* Assets.xcassets in Resources */,
				4713B34A1F1F933E00357AC3 /* Main.storyboard in Resources */,
				4713B35B1F1F989D00357AC3 /* MSimpleCellTableViewCell.xib in Resources */,
			);
			runOnlyForDeploymentPostprocessing = 0;
		};
/* End PBXResourcesBuildPhase section */

/* Begin PBXSourcesBuildPhase section */
		4713B33D1F1F933E00357AC3 /* Sources */ = {
			isa = PBXSourcesBuildPhase;
			buildActionMask = 2147483647;
			files = (
				4713B3571F1F975C00357AC3 /* MTableView.swift in Sources */,
				4713B3471F1F933E00357AC3 /* ViewController.swift in Sources */,
				4713B3451F1F933E00357AC3 /* AppDelegate.swift in Sources */,
				4713B35A1F1F989D00357AC3 /* MSimpleCellTableViewCell.swift in Sources */,
			);
			runOnlyForDeploymentPostprocessing = 0;
		};
/* End PBXSourcesBuildPhase section */

/* Begin PBXVariantGroup section */
		4713B3481F1F933E00357AC3 /* Main.storyboard */ = {
			isa = PBXVariantGroup;
			children = (
				4713B3491F1F933E00357AC3 /* Base */,
			);
			name = Main.storyboard;
			sourceTree = "<group>";
		};
		4713B34D1F1F933E00357AC3 /* LaunchScreen.storyboard */ = {
			isa = PBXVariantGroup;
			children = (
				4713B34E1F1F933E00357AC3 /* Base */,
			);
			name = LaunchScreen.storyboard;
			sourceTree = "<group>";
		};
/* End PBXVariantGroup section */

/* Begin XCBuildConfiguration section */
		4713B3511F1F933E00357AC3 /* Debug */ = {
			isa = XCBuildConfiguration;
			buildSettings = {
				ALWAYS_SEARCH_USER_PATHS = NO;
				CLANG_ANALYZER_NONNULL = YES;
				CLANG_ANALYZER_NUMBER_OBJECT_CONVERSION = YES_AGGRESSIVE;
				CLANG_CXX_LANGUAGE_STANDARD = "gnu++0x";
				CLANG_CXX_LIBRARY = "libc++";
				CLANG_ENABLE_MODULES = YES;
				CLANG_ENABLE_OBJC_ARC = YES;
				CLANG_WARN_BOOL_CONVERSION = YES;
				CLANG_WARN_CONSTANT_CONVERSION = YES;
				CLANG_WARN_DIRECT_OBJC_ISA_USAGE = YES_ERROR;
				CLANG_WARN_DOCUMENTATION_COMMENTS = YES;
				CLANG_WARN_EMPTY_BODY = YES;
				CLANG_WARN_ENUM_CONVERSION = YES;
				CLANG_WARN_INFINITE_RECURSION = YES;
				CLANG_WARN_INT_CONVERSION = YES;
				CLANG_WARN_OBJC_ROOT_CLASS = YES_ERROR;
				CLANG_WARN_SUSPICIOUS_MOVE = YES;
				CLANG_WARN_UNREACHABLE_CODE = YES;
				CLANG_WARN__DUPLICATE_METHOD_MATCH = YES;
				"CODE_SIGN_IDENTITY[sdk=iphoneos*]" = "iPhone Developer";
				COPY_PHASE_STRIP = NO;
				DEBUG_INFORMATION_FORMAT = dwarf;
				ENABLE_STRICT_OBJC_MSGSEND = YES;
				ENABLE_TESTABILITY = YES;
				GCC_C_LANGUAGE_STANDARD = gnu99;
				GCC_DYNAMIC_NO_PIC = NO;
				GCC_NO_COMMON_BLOCKS = YES;
				GCC_OPTIMIZATION_LEVEL = 0;
				GCC_PREPROCESSOR_DEFINITIONS = (
					"DEBUG=1",
					"$(inherited)",
				);
				GCC_WARN_64_TO_32_BIT_CONVERSION = YES;
				GCC_WARN_ABOUT_RETURN_TYPE = YES_ERROR;
				GCC_WARN_UNDECLARED_SELECTOR = YES;
				GCC_WARN_UNINITIALIZED_AUTOS = YES_AGGRESSIVE;
				GCC_WARN_UNUSED_FUNCTION = YES;
				GCC_WARN_UNUSED_VARIABLE = YES;
				IPHONEOS_DEPLOYMENT_TARGET = 10.3;
				MTL_ENABLE_DEBUG_INFO = YES;
				ONLY_ACTIVE_ARCH = YES;
				SDKROOT = iphoneos;
				SWIFT_ACTIVE_COMPILATION_CONDITIONS = DEBUG;
				SWIFT_OPTIMIZATION_LEVEL = "-Onone";
				TARGETED_DEVICE_FAMILY = "1,2";
			};
			name = Debug;
		};
		4713B3521F1F933E00357AC3 /* Release */ = {
			isa = XCBuildConfiguration;
			buildSettings = {
				ALWAYS_SEARCH_USER_PATHS = NO;
				CLANG_ANALYZER_NONNULL = YES;
				CLANG_ANALYZER_NUMBER_OBJECT_CONVERSION = YES_AGGRESSIVE;
				CLANG_CXX_LANGUAGE_STANDARD = "gnu++0x";
				CLANG_CXX_LIBRARY = "libc++";
				CLANG_ENABLE_MODULES = YES;
				CLANG_ENABLE_OBJC_ARC = YES;
				CLANG_WARN_BOOL_CONVERSION = YES;
				CLANG_WARN_CONSTANT_CONVERSION = YES;
				CLANG_WARN_DIRECT_OBJC_ISA_USAGE = YES_ERROR;
				CLANG_WARN_DOCUMENTATION_COMMENTS = YES;
				CLANG_WARN_EMPTY_BODY = YES;
				CLANG_WARN_ENUM_CONVERSION = YES;
				CLANG_WARN_INFINITE_RECURSION = YES;
				CLANG_WARN_INT_CONVERSION = YES;
				CLANG_WARN_OBJC_ROOT_CLASS = YES_ERROR;
				CLANG_WARN_SUSPICIOUS_MOVE = YES;
				CLANG_WARN_UNREACHABLE_CODE = YES;
				CLANG_WARN__DUPLICATE_METHOD_MATCH = YES;
				"CODE_SIGN_IDENTITY[sdk=iphoneos*]" = "iPhone Developer";
				COPY_PHASE_STRIP = NO;
				DEBUG_INFORMATION_FORMAT = "dwarf-with-dsym";
				ENABLE_NS_ASSERTIONS = NO;
				ENABLE_STRICT_OBJC_MSGSEND = YES;
				GCC_C_LANGUAGE_STANDARD = gnu99;
				GCC_NO_COMMON_BLOCKS = YES;
				GCC_WARN_64_TO_32_BIT_CONVERSION = YES;
				GCC_WARN_ABOUT_RETURN_TYPE = YES_ERROR;
				GCC_WARN_UNDECLARED_SELECTOR = YES;
				GCC_WARN_UNINITIALIZED_AUTOS = YES_AGGRESSIVE;
				GCC_WARN_UNUSED_FUNCTION = YES;
				GCC_WARN_UNUSED_VARIABLE = YES;
				IPHONEOS_DEPLOYMENT_TARGET = 10.3;
				MTL_ENABLE_DEBUG_INFO = NO;
				SDKROOT = iphoneos;
				SWIFT_OPTIMIZATION_LEVEL = "-Owholemodule";
				TARGETED_DEVICE_FAMILY = "1,2";
				VALIDATE_PRODUCT = YES;
			};
			name = Release;
		};
		4713B3541F1F933E00357AC3 /* Debug */ = {
			isa = XCBuildConfiguration;
			buildSettings = {
				ASSETCATALOG_COMPILER_APPICON_NAME = AppIcon;
				INFOPLIST_FILE = YouTubeTransitionApp/Info.plist;
				LD_RUNPATH_SEARCH_PATHS = "$(inherited) @executable_path/Frameworks";
				PRODUCT_BUNDLE_IDENTIFIER = com.iOSDeveloper.YouTubeTransitionApp;
				PRODUCT_NAME = "$(TARGET_NAME)";
				SWIFT_VERSION = 3.0;
			};
			name = Debug;
		};
		4713B3551F1F933E00357AC3 /* Release */ = {
			isa = XCBuildConfiguration;
			buildSettings = {
				ASSETCATALOG_COMPILER_APPICON_NAME = AppIcon;
				INFOPLIST_FILE = YouTubeTransitionApp/Info.plist;
				LD_RUNPATH_SEARCH_PATHS = "$(inherited) @executable_path/Frameworks";
				PRODUCT_BUNDLE_IDENTIFIER = com.iOSDeveloper.YouTubeTransitionApp;
				PRODUCT_NAME = "$(TARGET_NAME)";
				SWIFT_VERSION = 3.0;
			};
			name = Release;
		};
/* End XCBuildConfiguration section */

/* Begin XCConfigurationList section */
		4713B33C1F1F933E00357AC3 /* Build configuration list for PBXProject "YouTubeTransitionApp" */ = {
			isa = XCConfigurationList;
			buildConfigurations = (
				4713B3511F1F933E00357AC3 /* Debug */,
				4713B3521F1F933E00357AC3 /* Release */,
			);
			defaultConfigurationIsVisible = 0;
			defaultConfigurationName = Release;
		};
		4713B3531F1F933E00357AC3 /* Build configuration list for PBXNativeTarget "YouTubeTransitionApp" */ = {
			isa = XCConfigurationList;
			buildConfigurations = (
				4713B3541F1F933E00357AC3 /* Debug */,
				4713B3551F1F933E00357AC3 /* Release */,
			);
			defaultConfigurationIsVisible = 0;
		};
/* End XCConfigurationList section */
	};
	rootObject = 4713B3391F1F933E00357AC3 /* Project object */;
}
